
Microsoft Visual Studio Solution File, Format Version 12.00
# Visual Studio Version 17
VisualStudioVersion = 17.5.33530.505
MinimumVisualStudioVersion = 10.0.40219.1
Project("{9A19103F-16F7-4668-BE54-9A1E7A4F7556}") = "SurfsProject", "SurfsProject\SurfsProject.csproj", "{BB1C109F-F26D-43C0-B5F7-8EB41142C4BC}"
EndProject
Project("{FAE04EC0-301F-11D3-BF4B-00C04F79EFBC}") = "SurfsProjectTest", "SurfsProjectTest\SurfsProjectTest.csproj", "{A753A3B0-7DD3-499A-B67D-64629185CFE3}"
EndProject
Global
	GlobalSection(SolutionConfigurationPlatforms) = preSolution
		Debug|Any CPU = Debug|Any CPU
		Release|Any CPU = Release|Any CPU
	EndGlobalSection
	GlobalSection(ProjectConfigurationPlatforms) = postSolution
		{BB1C109F-F26D-43C0-B5F7-8EB41142C4BC}.Debug|Any CPU.ActiveCfg = Debug|Any CPU
		{BB1C109F-F26D-43C0-B5F7-8EB41142C4BC}.Debug|Any CPU.Build.0 = Debug|Any CPU
		{BB1C109F-F26D-43C0-B5F7-8EB41142C4BC}.Release|Any CPU.ActiveCfg = Release|Any CPU
		{BB1C109F-F26D-43C0-B5F7-8EB41142C4BC}.Release|Any CPU.Build.0 = Release|Any CPU
		{A753A3B0-7DD3-499A-B67D-64629185CFE3}.Debug|Any CPU.ActiveCfg = Debug|Any CPU
		{A753A3B0-7DD3-499A-B67D-64629185CFE3}.Debug|Any CPU.Build.0 = Debug|Any CPU
		{A753A3B0-7DD3-499A-B67D-64629185CFE3}.Release|Any CPU.ActiveCfg = Release|Any CPU
		{A753A3B0-7DD3-499A-B67D-64629185CFE3}.Release|Any CPU.Build.0 = Release|Any CPU
	EndGlobalSection
	GlobalSection(SolutionProperties) = preSolution
		HideSolutionNode = FALSE
	EndGlobalSection
	GlobalSection(ExtensibilityGlobals) = postSolution
		SolutionGuid = {4EF300E8-32C6-43DA-B753-2426753C951B}
	EndGlobalSection
EndGlobal
